
Microsoft Visual Studio Solution File, Format Version 11.00
# Visual C# Express 2010
Project("{FAE04EC0-301F-11D3-BF4B-00C04F79EFBC}") = "Febrero-Roman-Numerals", "Febrero-Roman-Numerals\Febrero-Roman-Numerals.csproj", "{BF19A143-DEBB-457C-97FB-23D69C5432DF}"
EndProject
Global
	GlobalSection(SolutionConfigurationPlatforms) = preSolution
		Debug|x86 = Debug|x86
		Release|x86 = Release|x86
	EndGlobalSection
	GlobalSection(ProjectConfigurationPlatforms) = postSolution
		{BF19A143-DEBB-457C-97FB-23D69C5432DF}.Debug|x86.ActiveCfg = Debug|x86
		{BF19A143-DEBB-457C-97FB-23D69C5432DF}.Debug|x86.Build.0 = Debug|x86
		{BF19A143-DEBB-457C-97FB-23D69C5432DF}.Release|x86.ActiveCfg = Release|x86
		{BF19A143-DEBB-457C-97FB-23D69C5432DF}.Release|x86.Build.0 = Release|x86
	EndGlobalSection
	GlobalSection(SolutionProperties) = preSolution
		HideSolutionNode = FALSE
	EndGlobalSection
EndGlobal
